// !$*UTF8*$!
{
	archiveVersion = 1;
	classes = {
	};
	objectVersion = 52;
	objects = {

/* Begin PBXBuildFile section */
		EA4194F32468C2B00078842F /* AppDelegate.swift in Sources */ = {isa = PBXBuildFile; fileRef = EA4194F22468C2B00078842F /* AppDelegate.swift */; };
		EA4194F52468C2B00078842F /* SceneDelegate.swift in Sources */ = {isa = PBXBuildFile; fileRef = EA4194F42468C2B00078842F /* SceneDelegate.swift */; };
		EA4194F92468C2B10078842F /* Assets.xcassets in Resources */ = {isa = PBXBuildFile; fileRef = EA4194F82468C2B10078842F /* Assets.xcassets */; };
		EA4194FC2468C2B10078842F /* Preview Assets.xcassets in Resources */ = {isa = PBXBuildFile; fileRef = EA4194FB2468C2B10078842F /* Preview Assets.xcassets */; };
		EA4194FF2468C2B10078842F /* LaunchScreen.storyboard in Resources */ = {isa = PBXBuildFile; fileRef = EA4194FD2468C2B10078842F /* LaunchScreen.storyboard */; };
		EA4195072468C2EB0078842F /* ViewModel.swift in Sources */ = {isa = PBXBuildFile; fileRef = EA4195062468C2EB0078842F /* ViewModel.swift */; };
		EA41950A2468C4D70078842F /* CombineFeedback in Frameworks */ = {isa = PBXBuildFile; productRef = EA4195092468C4D70078842F /* CombineFeedback */; };
		EA41950C2468C4D70078842F /* CombineFeedbackUI in Frameworks */ = {isa = PBXBuildFile; productRef = EA41950B2468C4D70078842F /* CombineFeedbackUI */; };
		EA4195102468C9450078842F /* Content.swift in Sources */ = {isa = PBXBuildFile; fileRef = EA41950F2468C9450078842F /* Content.swift */; };
		EAB422392469587300B6EAF1 /* LoadingView.swift in Sources */ = {isa = PBXBuildFile; fileRef = EAB422382469587300B6EAF1 /* LoadingView.swift */; };
		EAB4223B24695DB500B6EAF1 /* KeyboardAdaptor.swift in Sources */ = {isa = PBXBuildFile; fileRef = EAB4223A24695DB500B6EAF1 /* KeyboardAdaptor.swift */; };
		EAEE8B2C2469662C00B433DB /* Movies.csv in Resources */ = {isa = PBXBuildFile; fileRef = EAEE8B2B2469662C00B433DB /* Movies.csv */; };
		EAEE8B2E24697A6000B433DB /* MoviesFetcher.swift in Sources */ = {isa = PBXBuildFile; fileRef = EAEE8B2D24697A6000B433DB /* MoviesFetcher.swift */; };
/* End PBXBuildFile section */

/* Begin PBXFileReference section */
		EA4194EF2468C2B00078842F /* SearchFeedbackExample.app */ = {isa = PBXFileReference; explicitFileType = wrapper.application; includeInIndex = 0; path = SearchFeedbackExample.app; sourceTree = BUILT_PRODUCTS_DIR; };
		EA4194F22468C2B00078842F /* AppDelegate.swift */ = {isa = PBXFileReference; lastKnownFileType = sourcecode.swift; path = AppDelegate.swift; sourceTree = "<group>"; };
		EA4194F42468C2B00078842F /* SceneDelegate.swift */ = {isa = PBXFileReference; lastKnownFileType = sourcecode.swift; path = SceneDelegate.swift; sourceTree = "<group>"; };
		EA4194F82468C2B10078842F /* Assets.xcassets */ = {isa = PBXFileReference; lastKnownFileType = folder.assetcatalog; path = Assets.xcassets; sourceTree = "<group>"; };
		EA4194FB2468C2B10078842F /* Preview Assets.xcassets */ = {isa = PBXFileReference; lastKnownFileType = folder.assetcatalog; path = "Preview Assets.xcassets"; sourceTree = "<group>"; };
		EA4194FE2468C2B10078842F /* Base */ = {isa = PBXFileReference; lastKnownFileType = file.storyboard; name = Base; path = Base.lproj/LaunchScreen.storyboard; sourceTree = "<group>"; };
		EA4195002468C2B10078842F /* Info.plist */ = {isa = PBXFileReference; lastKnownFileType = text.plist.xml; path = Info.plist; sourceTree = "<group>"; };
		EA4195062468C2EB0078842F /* ViewModel.swift */ = {isa = PBXFileReference; lastKnownFileType = sourcecode.swift; path = ViewModel.swift; sourceTree = "<group>"; };
		EA41950F2468C9450078842F /* Content.swift */ = {isa = PBXFileReference; lastKnownFileType = sourcecode.swift; path = Content.swift; sourceTree = "<group>"; };
		EAB422382469587300B6EAF1 /* LoadingView.swift */ = {isa = PBXFileReference; lastKnownFileType = sourcecode.swift; path = LoadingView.swift; sourceTree = "<group>"; };
		EAB4223A24695DB500B6EAF1 /* KeyboardAdaptor.swift */ = {isa = PBXFileReference; lastKnownFileType = sourcecode.swift; path = KeyboardAdaptor.swift; sourceTree = "<group>"; };
		EAEE8B2B2469662C00B433DB /* Movies.csv */ = {isa = PBXFileReference; lastKnownFileType = file; path = Movies.csv; sourceTree = SOURCE_ROOT; };
		EAEE8B2D24697A6000B433DB /* MoviesFetcher.swift */ = {isa = PBXFileReference; lastKnownFileType = sourcecode.swift; path = MoviesFetcher.swift; sourceTree = "<group>"; };
/* End PBXFileReference section */

/* Begin PBXFrameworksBuildPhase section */
		EA4194EC2468C2B00078842F /* Frameworks */ = {
			isa = PBXFrameworksBuildPhase;
			buildActionMask = 2147483647;
			files = (
				EA41950A2468C4D70078842F /* CombineFeedback in Frameworks */,
				EA41950C2468C4D70078842F /* CombineFeedbackUI in Frameworks */,
			);
			runOnlyForDeploymentPostprocessing = 0;
		};
/* End PBXFrameworksBuildPhase section */

/* Begin PBXGroup section */
		EA4194E62468C2B00078842F = {
			isa = PBXGroup;
			children = (
				EA41950D2468C9210078842F /* Features */,
				EA4194F12468C2B00078842F /* SearchFeedbackExample */,
				EA4194F02468C2B00078842F /* Products */,
			);
			sourceTree = "<group>";
		};
		EA4194F02468C2B00078842F /* Products */ = {
			isa = PBXGroup;
			children = (
				EA4194EF2468C2B00078842F /* SearchFeedbackExample.app */,
			);
			name = Products;
			sourceTree = "<group>";
		};
		EA4194F12468C2B00078842F /* SearchFeedbackExample */ = {
			isa = PBXGroup;
			children = (
				EA4194F22468C2B00078842F /* AppDelegate.swift */,
				EA4194F42468C2B00078842F /* SceneDelegate.swift */,
				EA4194F82468C2B10078842F /* Assets.xcassets */,
				EA4194FD2468C2B10078842F /* LaunchScreen.storyboard */,
				EA4195002468C2B10078842F /* Info.plist */,
				EA4194FA2468C2B10078842F /* Preview Content */,
			);
			path = SearchFeedbackExample;
			sourceTree = "<group>";
		};
		EA4194FA2468C2B10078842F /* Preview Content */ = {
			isa = PBXGroup;
			children = (
				EA4194FB2468C2B10078842F /* Preview Assets.xcassets */,
			);
			path = "Preview Content";
			sourceTree = "<group>";
		};
		EA41950D2468C9210078842F /* Features */ = {
			isa = PBXGroup;
			children = (
				EAEE8B2B2469662C00B433DB /* Movies.csv */,
				EAB422372469585C00B6EAF1 /* SwiftUISupport */,
				EA41950E2468C92C0078842F /* Search */,
				EAEE8B2D24697A6000B433DB /* MoviesFetcher.swift */,
			);
			path = Features;
			sourceTree = "<group>";
		};
		EA41950E2468C92C0078842F /* Search */ = {
			isa = PBXGroup;
			children = (
				EA4195062468C2EB0078842F /* ViewModel.swift */,
				EA41950F2468C9450078842F /* Content.swift */,
			);
			path = Search;
			sourceTree = "<group>";
		};
		EAB422372469585C00B6EAF1 /* SwiftUISupport */ = {
			isa = PBXGroup;
			children = (
				EAB422382469587300B6EAF1 /* LoadingView.swift */,
				EAB4223A24695DB500B6EAF1 /* KeyboardAdaptor.swift */,
			);
			path = SwiftUISupport;
			sourceTree = "<group>";
		};
/* End PBXGroup section */

/* Begin PBXNativeTarget section */
		EA4194EE2468C2B00078842F /* SearchFeedbackExample */ = {
			isa = PBXNativeTarget;
			buildConfigurationList = EA4195032468C2B10078842F /* Build configuration list for PBXNativeTarget "SearchFeedbackExample" */;
			buildPhases = (
				EA4194EB2468C2B00078842F /* Sources */,
				EA4194EC2468C2B00078842F /* Frameworks */,
				EA4194ED2468C2B00078842F /* Resources */,
			);
			buildRules = (
			);
			dependencies = (
			);
			name = SearchFeedbackExample;
			packageProductDependencies = (
				EA4195092468C4D70078842F /* CombineFeedback */,
				EA41950B2468C4D70078842F /* CombineFeedbackUI */,
			);
			productName = SearchFeedbackExample;
			productReference = EA4194EF2468C2B00078842F /* SearchFeedbackExample.app */;
			productType = "com.apple.product-type.application";
		};
/* End PBXNativeTarget section */

/* Begin PBXProject section */
		EA4194E72468C2B00078842F /* Project object */ = {
			isa = PBXProject;
			attributes = {
				LastSwiftUpdateCheck = 1140;
				LastUpgradeCheck = 1140;
				ORGANIZATIONNAME = "Jasdeep Saini";
				TargetAttributes = {
					EA4194EE2468C2B00078842F = {
						CreatedOnToolsVersion = 11.4.1;
					};
				};
			};
			buildConfigurationList = EA4194EA2468C2B00078842F /* Build configuration list for PBXProject "SearchFeedbackExample" */;
			compatibilityVersion = "Xcode 9.3";
			developmentRegion = en;
			hasScannedForEncodings = 0;
			knownRegions = (
				en,
				Base,
			);
			mainGroup = EA4194E62468C2B00078842F;
			packageReferences = (
				EA4195082468C4D70078842F /* XCRemoteSwiftPackageReference "CombineFeedback" */,
			);
			productRefGroup = EA4194F02468C2B00078842F /* Products */;
			projectDirPath = "";
			projectRoot = "";
			targets = (
				EA4194EE2468C2B00078842F /* SearchFeedbackExample */,
			);
		};
/* End PBXProject section */

/* Begin PBXResourcesBuildPhase section */
		EA4194ED2468C2B00078842F /* Resources */ = {
			isa = PBXResourcesBuildPhase;
			buildActionMask = 2147483647;
			files = (
				EA4194FF2468C2B10078842F /* LaunchScreen.storyboard in Resources */,
				EA4194FC2468C2B10078842F /* Preview Assets.xcassets in Resources */,
				EA4194F92468C2B10078842F /* Assets.xcassets in Resources */,
				EAEE8B2C2469662C00B433DB /* Movies.csv in Resources */,
			);
			runOnlyForDeploymentPostprocessing = 0;
		};
/* End PBXResourcesBuildPhase section */

/* Begin PBXSourcesBuildPhase section */
		EA4194EB2468C2B00078842F /* Sources */ = {
			isa = PBXSourcesBuildPhase;
			buildActionMask = 2147483647;
			files = (
				EA4194F32468C2B00078842F /* AppDelegate.swift in Sources */,
				EA4194F52468C2B00078842F /* SceneDelegate.swift in Sources */,
				EA4195102468C9450078842F /* Content.swift in Sources */,
				EAB422392469587300B6EAF1 /* LoadingView.swift in Sources */,
				EA4195072468C2EB0078842F /* ViewModel.swift in Sources */,
				EAB4223B24695DB500B6EAF1 /* KeyboardAdaptor.swift in Sources */,
				EAEE8B2E24697A6000B433DB /* MoviesFetcher.swift in Sources */,
			);
			runOnlyForDeploymentPostprocessing = 0;
		};
/* End PBXSourcesBuildPhase section */

/* Begin PBXVariantGroup section */
		EA4194FD2468C2B10078842F /* LaunchScreen.storyboard */ = {
			isa = PBXVariantGroup;
			children = (
				EA4194FE2468C2B10078842F /* Base */,
			);
			name = LaunchScreen.storyboard;
			sourceTree = "<group>";
		};
/* End PBXVariantGroup section */

/* Begin XCBuildConfiguration section */
		EA4195012468C2B10078842F /* Debug */ = {
			isa = XCBuildConfiguration;
			buildSettings = {
				ALWAYS_SEARCH_USER_PATHS = NO;
				CLANG_ANALYZER_NONNULL = YES;
				CLANG_ANALYZER_NUMBER_OBJECT_CONVERSION = YES_AGGRESSIVE;
				CLANG_CXX_LANGUAGE_STANDARD = "gnu++14";
				CLANG_CXX_LIBRARY = "libc++";
				CLANG_ENABLE_MODULES = YES;
				CLANG_ENABLE_OBJC_ARC = YES;
				CLANG_ENABLE_OBJC_WEAK = YES;
				CLANG_WARN_BLOCK_CAPTURE_AUTORELEASING = YES;
				CLANG_WARN_BOOL_CONVERSION = YES;
				CLANG_WARN_COMMA = YES;
				CLANG_WARN_CONSTANT_CONVERSION = YES;
				CLANG_WARN_DEPRECATED_OBJC_IMPLEMENTATIONS = YES;
				CLANG_WARN_DIRECT_OBJC_ISA_USAGE = YES_ERROR;
				CLANG_WARN_DOCUMENTATION_COMMENTS = YES;
				CLANG_WARN_EMPTY_BODY = YES;
				CLANG_WARN_ENUM_CONVERSION = YES;
				CLANG_WARN_INFINITE_RECURSION = YES;
				CLANG_WARN_INT_CONVERSION = YES;
				CLANG_WARN_NON_LITERAL_NULL_CONVERSION = YES;
				CLANG_WARN_OBJC_IMPLICIT_RETAIN_SELF = YES;
				CLANG_WARN_OBJC_LITERAL_CONVERSION = YES;
				CLANG_WARN_OBJC_ROOT_CLASS = YES_ERROR;
				CLANG_WARN_RANGE_LOOP_ANALYSIS = YES;
				CLANG_WARN_STRICT_PROTOTYPES = YES;
				CLANG_WARN_SUSPICIOUS_MOVE = YES;
				CLANG_WARN_UNGUARDED_AVAILABILITY = YES_AGGRESSIVE;
				CLANG_WARN_UNREACHABLE_CODE = YES;
				CLANG_WARN__DUPLICATE_METHOD_MATCH = YES;
				COPY_PHASE_STRIP = NO;
				DEBUG_INFORMATION_FORMAT = dwarf;
				ENABLE_STRICT_OBJC_MSGSEND = YES;
				ENABLE_TESTABILITY = YES;
				GCC_C_LANGUAGE_STANDARD = gnu11;
				GCC_DYNAMIC_NO_PIC = NO;
				GCC_NO_COMMON_BLOCKS = YES;
				GCC_OPTIMIZATION_LEVEL = 0;
				GCC_PREPROCESSOR_DEFINITIONS = (
					"DEBUG=1",
					"$(inherited)",
				);
				GCC_WARN_64_TO_32_BIT_CONVERSION = YES;
				GCC_WARN_ABOUT_RETURN_TYPE = YES_ERROR;
				GCC_WARN_UNDECLARED_SELECTOR = YES;
				GCC_WARN_UNINITIALIZED_AUTOS = YES_AGGRESSIVE;
				GCC_WARN_UNUSED_FUNCTION = YES;
				GCC_WARN_UNUSED_VARIABLE = YES;
				IPHONEOS_DEPLOYMENT_TARGET = 13.4;
				MTL_ENABLE_DEBUG_INFO = INCLUDE_SOURCE;
				MTL_FAST_MATH = YES;
				ONLY_ACTIVE_ARCH = YES;
				SDKROOT = iphoneos;
				SWIFT_ACTIVE_COMPILATION_CONDITIONS = DEBUG;
				SWIFT_OPTIMIZATION_LEVEL = "-Onone";
			};
			name = Debug;
		};
		EA4195022468C2B10078842F /* Release */ = {
			isa = XCBuildConfiguration;
			buildSettings = {
				ALWAYS_SEARCH_USER_PATHS = NO;
				CLANG_ANALYZER_NONNULL = YES;
				CLANG_ANALYZER_NUMBER_OBJECT_CONVERSION = YES_AGGRESSIVE;
				CLANG_CXX_LANGUAGE_STANDARD = "gnu++14";
				CLANG_CXX_LIBRARY = "libc++";
				CLANG_ENABLE_MODULES = YES;
				CLANG_ENABLE_OBJC_ARC = YES;
				CLANG_ENABLE_OBJC_WEAK = YES;
				CLANG_WARN_BLOCK_CAPTURE_AUTORELEASING = YES;
				CLANG_WARN_BOOL_CONVERSION = YES;
				CLANG_WARN_COMMA = YES;
				CLANG_WARN_CONSTANT_CONVERSION = YES;
				CLANG_WARN_DEPRECATED_OBJC_IMPLEMENTATIONS = YES;
				CLANG_WARN_DIRECT_OBJC_ISA_USAGE = YES_ERROR;
				CLANG_WARN_DOCUMENTATION_COMMENTS = YES;
				CLANG_WARN_EMPTY_BODY = YES;
				CLANG_WARN_ENUM_CONVERSION = YES;
				CLANG_WARN_INFINITE_RECURSION = YES;
				CLANG_WARN_INT_CONVERSION = YES;
				CLANG_WARN_NON_LITERAL_NULL_CONVERSION = YES;
				CLANG_WARN_OBJC_IMPLICIT_RETAIN_SELF = YES;
				CLANG_WARN_OBJC_LITERAL_CONVERSION = YES;
				CLANG_WARN_OBJC_ROOT_CLASS = YES_ERROR;
				CLANG_WARN_RANGE_LOOP_ANALYSIS = YES;
				CLANG_WARN_STRICT_PROTOTYPES = YES;
				CLANG_WARN_SUSPICIOUS_MOVE = YES;
				CLANG_WARN_UNGUARDED_AVAILABILITY = YES_AGGRESSIVE;
				CLANG_WARN_UNREACHABLE_CODE = YES;
				CLANG_WARN__DUPLICATE_METHOD_MATCH = YES;
				COPY_PHASE_STRIP = NO;
				DEBUG_INFORMATION_FORMAT = "dwarf-with-dsym";
				ENABLE_NS_ASSERTIONS = NO;
				ENABLE_STRICT_OBJC_MSGSEND = YES;
				GCC_C_LANGUAGE_STANDARD = gnu11;
				GCC_NO_COMMON_BLOCKS = YES;
				GCC_WARN_64_TO_32_BIT_CONVERSION = YES;
				GCC_WARN_ABOUT_RETURN_TYPE = YES_ERROR;
				GCC_WARN_UNDECLARED_SELECTOR = YES;
				GCC_WARN_UNINITIALIZED_AUTOS = YES_AGGRESSIVE;
				GCC_WARN_UNUSED_FUNCTION = YES;
				GCC_WARN_UNUSED_VARIABLE = YES;
				IPHONEOS_DEPLOYMENT_TARGET = 13.4;
				MTL_ENABLE_DEBUG_INFO = NO;
				MTL_FAST_MATH = YES;
				SDKROOT = iphoneos;
				SWIFT_COMPILATION_MODE = wholemodule;
				SWIFT_OPTIMIZATION_LEVEL = "-O";
				VALIDATE_PRODUCT = YES;
			};
			name = Release;
		};
		EA4195042468C2B10078842F /* Debug */ = {
			isa = XCBuildConfiguration;
			buildSettings = {
				ASSETCATALOG_COMPILER_APPICON_NAME = AppIcon;
				CODE_SIGN_STYLE = Automatic;
				DEVELOPMENT_ASSET_PATHS = "\"SearchFeedbackExample/Preview Content\"";
				DEVELOPMENT_TEAM = 439U69A5UK;
				ENABLE_PREVIEWS = YES;
				INFOPLIST_FILE = SearchFeedbackExample/Info.plist;
				IPHONEOS_DEPLOYMENT_TARGET = 13.0;
				LD_RUNPATH_SEARCH_PATHS = (
					"$(inherited)",
					"@executable_path/Frameworks",
				);
				PRODUCT_BUNDLE_IDENTIFIER = Doximity.SearchFeedbackExample;
				PRODUCT_NAME = "$(TARGET_NAME)";
				SWIFT_VERSION = 5.0;
				TARGETED_DEVICE_FAMILY = "1,2";
			};
			name = Debug;
		};
		EA4195052468C2B10078842F /* Release */ = {
			isa = XCBuildConfiguration;
			buildSettings = {
				ASSETCATALOG_COMPILER_APPICON_NAME = AppIcon;
				CODE_SIGN_STYLE = Automatic;
				DEVELOPMENT_ASSET_PATHS = "\"SearchFeedbackExample/Preview Content\"";
				DEVELOPMENT_TEAM = 439U69A5UK;
				ENABLE_PREVIEWS = YES;
				INFOPLIST_FILE = SearchFeedbackExample/Info.plist;
				IPHONEOS_DEPLOYMENT_TARGET = 13.0;
				LD_RUNPATH_SEARCH_PATHS = (
					"$(inherited)",
					"@executable_path/Frameworks",
				);
				PRODUCT_BUNDLE_IDENTIFIER = Doximity.SearchFeedbackExample;
				PRODUCT_NAME = "$(TARGET_NAME)";
				SWIFT_VERSION = 5.0;
				TARGETED_DEVICE_FAMILY = "1,2";
			};
			name = Release;
		};
/* End XCBuildConfiguration section */

/* Begin XCConfigurationList section */
		EA4194EA2468C2B00078842F /* Build configuration list for PBXProject "SearchFeedbackExample" */ = {
			isa = XCConfigurationList;
			buildConfigurations = (
				EA4195012468C2B10078842F /* Debug */,
				EA4195022468C2B10078842F /* Release */,
			);
			defaultConfigurationIsVisible = 0;
			defaultConfigurationName = Release;
		};
		EA4195032468C2B10078842F /* Build configuration list for PBXNativeTarget "SearchFeedbackExample" */ = {
			isa = XCConfigurationList;
			buildConfigurations = (
				EA4195042468C2B10078842F /* Debug */,
				EA4195052468C2B10078842F /* Release */,
			);
			defaultConfigurationIsVisible = 0;
			defaultConfigurationName = Release;
		};
/* End XCConfigurationList section */

/* Begin XCRemoteSwiftPackageReference section */
		EA4195082468C4D70078842F /* XCRemoteSwiftPackageReference "CombineFeedback" */ = {
			isa = XCRemoteSwiftPackageReference;
			repositoryURL = "https://github.com/sergdort/CombineFeedback";
			requirement = {
				branch = master;
				kind = branch;
			};
		};
/* End XCRemoteSwiftPackageReference section */

/* Begin XCSwiftPackageProductDependency section */
		EA4195092468C4D70078842F /* CombineFeedback */ = {
			isa = XCSwiftPackageProductDependency;
			package = EA4195082468C4D70078842F /* XCRemoteSwiftPackageReference "CombineFeedback" */;
			productName = CombineFeedback;
		};
		EA41950B2468C4D70078842F /* CombineFeedbackUI */ = {
			isa = XCSwiftPackageProductDependency;
			package = EA4195082468C4D70078842F /* XCRemoteSwiftPackageReference "CombineFeedback" */;
			productName = CombineFeedbackUI;
		};
/* End XCSwiftPackageProductDependency section */
	};
	rootObject = EA4194E72468C2B00078842F /* Project object */;
}
